
Microsoft Visual Studio Solution File, Format Version 12.00
# Visual Studio Version 17
VisualStudioVersion = 17.8.34511.84
MinimumVisualStudioVersion = 10.0.40219.1
Project("{FAE04EC0-301F-11D3-BF4B-00C04F79EFBC}") = "ConsoleApp1", "ConsoleApp1\ConsoleApp1.csproj", "{D91C3F85-A593-43C5-8C81-D904BFC39046}"
EndProject
Project("{FAE04EC0-301F-11D3-BF4B-00C04F79EFBC}") = "ClassLibrary1", "ClassLibrary1\ClassLibrary1.csproj", "{1C673552-9FA4-497B-821C-063E9E1C984C}"
EndProject
Project("{FAE04EC0-301F-11D3-BF4B-00C04F79EFBC}") = "Inject", "Inject\Inject.csproj", "{27987D7B-071B-43A9-85D5-7F010024747A}"
EndProject
Project("{FAE04EC0-301F-11D3-BF4B-00C04F79EFBC}") = "Inject2", "Inject2\Inject2.csproj", "{0B07F7EB-7A81-4605-A4EC-65D804FEE9CC}"
EndProject
Project("{FAE04EC0-301F-11D3-BF4B-00C04F79EFBC}") = "AmsiBypass", "AmsiBypass\AmsiBypass.csproj", "{348E5E2C-3090-4EAF-AD1F-1FB8872161A8}"
EndProject
Project("{FAE04EC0-301F-11D3-BF4B-00C04F79EFBC}") = "DllForInjection", "DllForInjection\DllForInjection.csproj", "{107B8742-0F43-4AF8-9831-1B75FE28378F}"
EndProject
Project("{FAE04EC0-301F-11D3-BF4B-00C04F79EFBC}") = "RDPThief", "RDPThief\RDPThief.csproj", "{B8C80BC9-9E75-4187-9204-773EF8FEBCCC}"
EndProject
Project("{FAE04EC0-301F-11D3-BF4B-00C04F79EFBC}") = "FilelessLatMov", "FilelessLatMov\FilelessLatMov.csproj", "{C9A1AB82-6623-4056-BC4D-42E142F5A8EC}"
EndProject
Project("{FAE04EC0-301F-11D3-BF4B-00C04F79EFBC}") = "FilelessLatMov2", "FilelessLatMov2\FilelessLatMov2.csproj", "{11C9235B-1384-4B91-AC04-E42FDE24F48F}"
EndProject
Project("{FAE04EC0-301F-11D3-BF4B-00C04F79EFBC}") = "BlowFishDecrypt", "BlowFishDecrypt\BlowFishDecrypt.csproj", "{F9527476-C888-4976-9BAE-4BA8F94FA977}"
EndProject
Global
	GlobalSection(SolutionConfigurationPlatforms) = preSolution
		Debug|Any CPU = Debug|Any CPU
		Debug|ARM64 = Debug|ARM64
		Debug|x64 = Debug|x64
		Debug|x86 = Debug|x86
		Release|Any CPU = Release|Any CPU
		Release|ARM64 = Release|ARM64
		Release|x64 = Release|x64
		Release|x86 = Release|x86
	EndGlobalSection
	GlobalSection(ProjectConfigurationPlatforms) = postSolution
		{D91C3F85-A593-43C5-8C81-D904BFC39046}.Debug|Any CPU.ActiveCfg = Debug|Any CPU
		{D91C3F85-A593-43C5-8C81-D904BFC39046}.Debug|Any CPU.Build.0 = Debug|Any CPU
		{D91C3F85-A593-43C5-8C81-D904BFC39046}.Debug|ARM64.ActiveCfg = Debug|ARM64
		{D91C3F85-A593-43C5-8C81-D904BFC39046}.Debug|ARM64.Build.0 = Debug|ARM64
		{D91C3F85-A593-43C5-8C81-D904BFC39046}.Debug|x64.ActiveCfg = Debug|x64
		{D91C3F85-A593-43C5-8C81-D904BFC39046}.Debug|x64.Build.0 = Debug|x64
		{D91C3F85-A593-43C5-8C81-D904BFC39046}.Debug|x86.ActiveCfg = Debug|x86
		{D91C3F85-A593-43C5-8C81-D904BFC39046}.Debug|x86.Build.0 = Debug|x86
		{D91C3F85-A593-43C5-8C81-D904BFC39046}.Release|Any CPU.ActiveCfg = Release|Any CPU
		{D91C3F85-A593-43C5-8C81-D904BFC39046}.Release|Any CPU.Build.0 = Release|Any CPU
		{D91C3F85-A593-43C5-8C81-D904BFC39046}.Release|ARM64.ActiveCfg = Release|ARM64
		{D91C3F85-A593-43C5-8C81-D904BFC39046}.Release|ARM64.Build.0 = Release|ARM64
		{D91C3F85-A593-43C5-8C81-D904BFC39046}.Release|x64.ActiveCfg = Release|x64
		{D91C3F85-A593-43C5-8C81-D904BFC39046}.Release|x64.Build.0 = Release|x64
		{D91C3F85-A593-43C5-8C81-D904BFC39046}.Release|x86.ActiveCfg = Release|x86
		{D91C3F85-A593-43C5-8C81-D904BFC39046}.Release|x86.Build.0 = Release|x86
		{1C673552-9FA4-497B-821C-063E9E1C984C}.Debug|Any CPU.ActiveCfg = Debug|Any CPU
		{1C673552-9FA4-497B-821C-063E9E1C984C}.Debug|Any CPU.Build.0 = Debug|Any CPU
		{1C673552-9FA4-497B-821C-063E9E1C984C}.Debug|ARM64.ActiveCfg = Debug|ARM64
		{1C673552-9FA4-497B-821C-063E9E1C984C}.Debug|ARM64.Build.0 = Debug|ARM64
		{1C673552-9FA4-497B-821C-063E9E1C984C}.Debug|x64.ActiveCfg = Debug|x64
		{1C673552-9FA4-497B-821C-063E9E1C984C}.Debug|x64.Build.0 = Debug|x64
		{1C673552-9FA4-497B-821C-063E9E1C984C}.Debug|x86.ActiveCfg = Debug|x86
		{1C673552-9FA4-497B-821C-063E9E1C984C}.Debug|x86.Build.0 = Debug|x86
		{1C673552-9FA4-497B-821C-063E9E1C984C}.Release|Any CPU.ActiveCfg = Release|Any CPU
		{1C673552-9FA4-497B-821C-063E9E1C984C}.Release|Any CPU.Build.0 = Release|Any CPU
		{1C673552-9FA4-497B-821C-063E9E1C984C}.Release|ARM64.ActiveCfg = Release|ARM64
		{1C673552-9FA4-497B-821C-063E9E1C984C}.Release|ARM64.Build.0 = Release|ARM64
		{1C673552-9FA4-497B-821C-063E9E1C984C}.Release|x64.ActiveCfg = Release|x64
		{1C673552-9FA4-497B-821C-063E9E1C984C}.Release|x64.Build.0 = Release|x64
		{1C673552-9FA4-497B-821C-063E9E1C984C}.Release|x86.ActiveCfg = Release|x86
		{1C673552-9FA4-497B-821C-063E9E1C984C}.Release|x86.Build.0 = Release|x86
		{27987D7B-071B-43A9-85D5-7F010024747A}.Debug|Any CPU.ActiveCfg = Debug|Any CPU
		{27987D7B-071B-43A9-85D5-7F010024747A}.Debug|Any CPU.Build.0 = Debug|Any CPU
		{27987D7B-071B-43A9-85D5-7F010024747A}.Debug|ARM64.ActiveCfg = Debug|ARM64
		{27987D7B-071B-43A9-85D5-7F010024747A}.Debug|ARM64.Build.0 = Debug|ARM64
		{27987D7B-071B-43A9-85D5-7F010024747A}.Debug|x64.ActiveCfg = Debug|x64
		{27987D7B-071B-43A9-85D5-7F010024747A}.Debug|x64.Build.0 = Debug|x64
		{27987D7B-071B-43A9-85D5-7F010024747A}.Debug|x86.ActiveCfg = Debug|x86
		{27987D7B-071B-43A9-85D5-7F010024747A}.Debug|x86.Build.0 = Debug|x86
		{27987D7B-071B-43A9-85D5-7F010024747A}.Release|Any CPU.ActiveCfg = Release|Any CPU
		{27987D7B-071B-43A9-85D5-7F010024747A}.Release|Any CPU.Build.0 = Release|Any CPU
		{27987D7B-071B-43A9-85D5-7F010024747A}.Release|ARM64.ActiveCfg = Release|ARM64
		{27987D7B-071B-43A9-85D5-7F010024747A}.Release|ARM64.Build.0 = Release|ARM64
		{27987D7B-071B-43A9-85D5-7F010024747A}.Release|x64.ActiveCfg = Release|x64
		{27987D7B-071B-43A9-85D5-7F010024747A}.Release|x64.Build.0 = Release|x64
		{27987D7B-071B-43A9-85D5-7F010024747A}.Release|x86.ActiveCfg = Release|x86
		{27987D7B-071B-43A9-85D5-7F010024747A}.Release|x86.Build.0 = Release|x86
		{0B07F7EB-7A81-4605-A4EC-65D804FEE9CC}.Debug|Any CPU.ActiveCfg = Debug|Any CPU
		{0B07F7EB-7A81-4605-A4EC-65D804FEE9CC}.Debug|Any CPU.Build.0 = Debug|Any CPU
		{0B07F7EB-7A81-4605-A4EC-65D804FEE9CC}.Debug|ARM64.ActiveCfg = Debug|ARM64
		{0B07F7EB-7A81-4605-A4EC-65D804FEE9CC}.Debug|ARM64.Build.0 = Debug|ARM64
		{0B07F7EB-7A81-4605-A4EC-65D804FEE9CC}.Debug|x64.ActiveCfg = Debug|Any CPU
		{0B07F7EB-7A81-4605-A4EC-65D804FEE9CC}.Debug|x64.Build.0 = Debug|Any CPU
		{0B07F7EB-7A81-4605-A4EC-65D804FEE9CC}.Debug|x86.ActiveCfg = Debug|x86
		{0B07F7EB-7A81-4605-A4EC-65D804FEE9CC}.Debug|x86.Build.0 = Debug|x86
		{0B07F7EB-7A81-4605-A4EC-65D804FEE9CC}.Release|Any CPU.ActiveCfg = Release|Any CPU
		{0B07F7EB-7A81-4605-A4EC-65D804FEE9CC}.Release|Any CPU.Build.0 = Release|Any CPU
		{0B07F7EB-7A81-4605-A4EC-65D804FEE9CC}.Release|ARM64.ActiveCfg = Release|ARM64
		{0B07F7EB-7A81-4605-A4EC-65D804FEE9CC}.Release|ARM64.Build.0 = Release|ARM64
		{0B07F7EB-7A81-4605-A4EC-65D804FEE9CC}.Release|x64.ActiveCfg = Release|x64
		{0B07F7EB-7A81-4605-A4EC-65D804FEE9CC}.Release|x64.Build.0 = Release|x64
		{0B07F7EB-7A81-4605-A4EC-65D804FEE9CC}.Release|x86.ActiveCfg = Release|x86
		{0B07F7EB-7A81-4605-A4EC-65D804FEE9CC}.Release|x86.Build.0 = Release|x86
		{348E5E2C-3090-4EAF-AD1F-1FB8872161A8}.Debug|Any CPU.ActiveCfg = Debug|Any CPU
		{348E5E2C-3090-4EAF-AD1F-1FB8872161A8}.Debug|Any CPU.Build.0 = Debug|Any CPU
		{348E5E2C-3090-4EAF-AD1F-1FB8872161A8}.Debug|ARM64.ActiveCfg = Debug|ARM64
		{348E5E2C-3090-4EAF-AD1F-1FB8872161A8}.Debug|ARM64.Build.0 = Debug|ARM64
		{348E5E2C-3090-4EAF-AD1F-1FB8872161A8}.Debug|x64.ActiveCfg = Debug|Any CPU
		{348E5E2C-3090-4EAF-AD1F-1FB8872161A8}.Debug|x64.Build.0 = Debug|Any CPU
		{348E5E2C-3090-4EAF-AD1F-1FB8872161A8}.Debug|x86.ActiveCfg = Debug|x86
		{348E5E2C-3090-4EAF-AD1F-1FB8872161A8}.Debug|x86.Build.0 = Debug|x86
		{348E5E2C-3090-4EAF-AD1F-1FB8872161A8}.Release|Any CPU.ActiveCfg = Release|Any CPU
		{348E5E2C-3090-4EAF-AD1F-1FB8872161A8}.Release|Any CPU.Build.0 = Release|Any CPU
		{348E5E2C-3090-4EAF-AD1F-1FB8872161A8}.Release|ARM64.ActiveCfg = Release|ARM64
		{348E5E2C-3090-4EAF-AD1F-1FB8872161A8}.Release|ARM64.Build.0 = Release|ARM64
		{348E5E2C-3090-4EAF-AD1F-1FB8872161A8}.Release|x64.ActiveCfg = Release|x64
		{348E5E2C-3090-4EAF-AD1F-1FB8872161A8}.Release|x64.Build.0 = Release|x64
		{348E5E2C-3090-4EAF-AD1F-1FB8872161A8}.Release|x86.ActiveCfg = Release|x86
		{348E5E2C-3090-4EAF-AD1F-1FB8872161A8}.Release|x86.Build.0 = Release|x86
		{107B8742-0F43-4AF8-9831-1B75FE28378F}.Debug|Any CPU.ActiveCfg = Debug|Any CPU
		{107B8742-0F43-4AF8-9831-1B75FE28378F}.Debug|Any CPU.Build.0 = Debug|Any CPU
		{107B8742-0F43-4AF8-9831-1B75FE28378F}.Debug|ARM64.ActiveCfg = Debug|ARM64
		{107B8742-0F43-4AF8-9831-1B75FE28378F}.Debug|ARM64.Build.0 = Debug|ARM64
		{107B8742-0F43-4AF8-9831-1B75FE28378F}.Debug|x64.ActiveCfg = Debug|Any CPU
		{107B8742-0F43-4AF8-9831-1B75FE28378F}.Debug|x64.Build.0 = Debug|Any CPU
		{107B8742-0F43-4AF8-9831-1B75FE28378F}.Debug|x86.ActiveCfg = Debug|x86
		{107B8742-0F43-4AF8-9831-1B75FE28378F}.Debug|x86.Build.0 = Debug|x86
		{107B8742-0F43-4AF8-9831-1B75FE28378F}.Release|Any CPU.ActiveCfg = Release|Any CPU
		{107B8742-0F43-4AF8-9831-1B75FE28378F}.Release|Any CPU.Build.0 = Release|Any CPU
		{107B8742-0F43-4AF8-9831-1B75FE28378F}.Release|ARM64.ActiveCfg = Release|ARM64
		{107B8742-0F43-4AF8-9831-1B75FE28378F}.Release|ARM64.Build.0 = Release|ARM64
		{107B8742-0F43-4AF8-9831-1B75FE28378F}.Release|x64.ActiveCfg = Release|x64
		{107B8742-0F43-4AF8-9831-1B75FE28378F}.Release|x64.Build.0 = Release|x64
		{107B8742-0F43-4AF8-9831-1B75FE28378F}.Release|x86.ActiveCfg = Release|x86
		{107B8742-0F43-4AF8-9831-1B75FE28378F}.Release|x86.Build.0 = Release|x86
		{B8C80BC9-9E75-4187-9204-773EF8FEBCCC}.Debug|Any CPU.ActiveCfg = Debug|Any CPU
		{B8C80BC9-9E75-4187-9204-773EF8FEBCCC}.Debug|Any CPU.Build.0 = Debug|Any CPU
		{B8C80BC9-9E75-4187-9204-773EF8FEBCCC}.Debug|ARM64.ActiveCfg = Debug|ARM64
		{B8C80BC9-9E75-4187-9204-773EF8FEBCCC}.Debug|ARM64.Build.0 = Debug|ARM64
		{B8C80BC9-9E75-4187-9204-773EF8FEBCCC}.Debug|x64.ActiveCfg = Debug|x64
		{B8C80BC9-9E75-4187-9204-773EF8FEBCCC}.Debug|x64.Build.0 = Debug|x64
		{B8C80BC9-9E75-4187-9204-773EF8FEBCCC}.Debug|x86.ActiveCfg = Debug|x86
		{B8C80BC9-9E75-4187-9204-773EF8FEBCCC}.Debug|x86.Build.0 = Debug|x86
		{B8C80BC9-9E75-4187-9204-773EF8FEBCCC}.Release|Any CPU.ActiveCfg = Release|Any CPU
		{B8C80BC9-9E75-4187-9204-773EF8FEBCCC}.Release|Any CPU.Build.0 = Release|Any CPU
		{B8C80BC9-9E75-4187-9204-773EF8FEBCCC}.Release|ARM64.ActiveCfg = Release|ARM64
		{B8C80BC9-9E75-4187-9204-773EF8FEBCCC}.Release|ARM64.Build.0 = Release|ARM64
		{B8C80BC9-9E75-4187-9204-773EF8FEBCCC}.Release|x64.ActiveCfg = Release|x64
		{B8C80BC9-9E75-4187-9204-773EF8FEBCCC}.Release|x64.Build.0 = Release|x64
		{B8C80BC9-9E75-4187-9204-773EF8FEBCCC}.Release|x86.ActiveCfg = Release|x86
		{B8C80BC9-9E75-4187-9204-773EF8FEBCCC}.Release|x86.Build.0 = Release|x86
		{C9A1AB82-6623-4056-BC4D-42E142F5A8EC}.Debug|Any CPU.ActiveCfg = Debug|Any CPU
		{C9A1AB82-6623-4056-BC4D-42E142F5A8EC}.Debug|Any CPU.Build.0 = Debug|Any CPU
		{C9A1AB82-6623-4056-BC4D-42E142F5A8EC}.Debug|ARM64.ActiveCfg = Debug|ARM64
		{C9A1AB82-6623-4056-BC4D-42E142F5A8EC}.Debug|ARM64.Build.0 = Debug|ARM64
		{C9A1AB82-6623-4056-BC4D-42E142F5A8EC}.Debug|x64.ActiveCfg = Debug|Any CPU
		{C9A1AB82-6623-4056-BC4D-42E142F5A8EC}.Debug|x64.Build.0 = Debug|Any CPU
		{C9A1AB82-6623-4056-BC4D-42E142F5A8EC}.Debug|x86.ActiveCfg = Debug|x86
		{C9A1AB82-6623-4056-BC4D-42E142F5A8EC}.Debug|x86.Build.0 = Debug|x86
		{C9A1AB82-6623-4056-BC4D-42E142F5A8EC}.Release|Any CPU.ActiveCfg = Release|Any CPU
		{C9A1AB82-6623-4056-BC4D-42E142F5A8EC}.Release|Any CPU.Build.0 = Release|Any CPU
		{C9A1AB82-6623-4056-BC4D-42E142F5A8EC}.Release|ARM64.ActiveCfg = Release|ARM64
		{C9A1AB82-6623-4056-BC4D-42E142F5A8EC}.Release|ARM64.Build.0 = Release|ARM64
		{C9A1AB82-6623-4056-BC4D-42E142F5A8EC}.Release|x64.ActiveCfg = Release|x64
		{C9A1AB82-6623-4056-BC4D-42E142F5A8EC}.Release|x64.Build.0 = Release|x64
		{C9A1AB82-6623-4056-BC4D-42E142F5A8EC}.Release|x86.ActiveCfg = Release|x86
		{C9A1AB82-6623-4056-BC4D-42E142F5A8EC}.Release|x86.Build.0 = Release|x86
		{11C9235B-1384-4B91-AC04-E42FDE24F48F}.Debug|Any CPU.ActiveCfg = Debug|Any CPU
		{11C9235B-1384-4B91-AC04-E42FDE24F48F}.Debug|Any CPU.Build.0 = Debug|Any CPU
		{11C9235B-1384-4B91-AC04-E42FDE24F48F}.Debug|ARM64.ActiveCfg = Debug|ARM64
		{11C9235B-1384-4B91-AC04-E42FDE24F48F}.Debug|ARM64.Build.0 = Debug|ARM64
		{11C9235B-1384-4B91-AC04-E42FDE24F48F}.Debug|x64.ActiveCfg = Debug|Any CPU
		{11C9235B-1384-4B91-AC04-E42FDE24F48F}.Debug|x64.Build.0 = Debug|Any CPU
		{11C9235B-1384-4B91-AC04-E42FDE24F48F}.Debug|x86.ActiveCfg = Debug|x86
		{11C9235B-1384-4B91-AC04-E42FDE24F48F}.Debug|x86.Build.0 = Debug|x86
		{11C9235B-1384-4B91-AC04-E42FDE24F48F}.Release|Any CPU.ActiveCfg = Release|Any CPU
		{11C9235B-1384-4B91-AC04-E42FDE24F48F}.Release|Any CPU.Build.0 = Release|Any CPU
		{11C9235B-1384-4B91-AC04-E42FDE24F48F}.Release|ARM64.ActiveCfg = Release|ARM64
		{11C9235B-1384-4B91-AC04-E42FDE24F48F}.Release|ARM64.Build.0 = Release|ARM64
		{11C9235B-1384-4B91-AC04-E42FDE24F48F}.Release|x64.ActiveCfg = Release|x64
		{11C9235B-1384-4B91-AC04-E42FDE24F48F}.Release|x64.Build.0 = Release|x64
		{11C9235B-1384-4B91-AC04-E42FDE24F48F}.Release|x86.ActiveCfg = Release|x86
		{11C9235B-1384-4B91-AC04-E42FDE24F48F}.Release|x86.Build.0 = Release|x86
		{F9527476-C888-4976-9BAE-4BA8F94FA977}.Debug|Any CPU.ActiveCfg = Debug|Any CPU
		{F9527476-C888-4976-9BAE-4BA8F94FA977}.Debug|Any CPU.Build.0 = Debug|Any CPU
		{F9527476-C888-4976-9BAE-4BA8F94FA977}.Debug|ARM64.ActiveCfg = Debug|ARM64
		{F9527476-C888-4976-9BAE-4BA8F94FA977}.Debug|ARM64.Build.0 = Debug|ARM64
		{F9527476-C888-4976-9BAE-4BA8F94FA977}.Debug|x64.ActiveCfg = Debug|Any CPU
		{F9527476-C888-4976-9BAE-4BA8F94FA977}.Debug|x64.Build.0 = Debug|Any CPU
		{F9527476-C888-4976-9BAE-4BA8F94FA977}.Debug|x86.ActiveCfg = Debug|Any CPU
		{F9527476-C888-4976-9BAE-4BA8F94FA977}.Debug|x86.Build.0 = Debug|Any CPU
		{F9527476-C888-4976-9BAE-4BA8F94FA977}.Release|Any CPU.ActiveCfg = Release|Any CPU
		{F9527476-C888-4976-9BAE-4BA8F94FA977}.Release|Any CPU.Build.0 = Release|Any CPU
		{F9527476-C888-4976-9BAE-4BA8F94FA977}.Release|ARM64.ActiveCfg = Release|ARM64
		{F9527476-C888-4976-9BAE-4BA8F94FA977}.Release|ARM64.Build.0 = Release|ARM64
		{F9527476-C888-4976-9BAE-4BA8F94FA977}.Release|x64.ActiveCfg = Release|Any CPU
		{F9527476-C888-4976-9BAE-4BA8F94FA977}.Release|x64.Build.0 = Release|Any CPU
		{F9527476-C888-4976-9BAE-4BA8F94FA977}.Release|x86.ActiveCfg = Release|Any CPU
		{F9527476-C888-4976-9BAE-4BA8F94FA977}.Release|x86.Build.0 = Release|Any CPU
	EndGlobalSection
	GlobalSection(SolutionProperties) = preSolution
		HideSolutionNode = FALSE
	EndGlobalSection
	GlobalSection(ExtensibilityGlobals) = postSolution
		SolutionGuid = {16F1B4AB-3A04-4F13-92C1-BF644E99537A}
	EndGlobalSection
EndGlobal
